
Microsoft Visual Studio Solution File, Format Version 12.00
# Visual Studio Version 16
VisualStudioVersion = 16.0.29403.142
MinimumVisualStudioVersion = 10.0.40219.1
Project("{FAE04EC0-301F-11D3-BF4B-00C04F79EFBC}") = "WindowsFormsApp8", "WindowsFormsApp8.csproj", "{1A50CFA6-E34B-4FAD-A58B-2ADA805681FA}"
EndProject
Global
	GlobalSection(SolutionConfigurationPlatforms) = preSolution
		Debug|Any CPU = Debug|Any CPU
		Release|Any CPU = Release|Any CPU
	EndGlobalSection
	GlobalSection(ProjectConfigurationPlatforms) = postSolution
		{1A50CFA6-E34B-4FAD-A58B-2ADA805681FA}.Debug|Any CPU.ActiveCfg = Debug|Any CPU
		{1A50CFA6-E34B-4FAD-A58B-2ADA805681FA}.Debug|Any CPU.Build.0 = Debug|Any CPU
		{1A50CFA6-E34B-4FAD-A58B-2ADA805681FA}.Release|Any CPU.ActiveCfg = Release|Any CPU
		{1A50CFA6-E34B-4FAD-A58B-2ADA805681FA}.Release|Any CPU.Build.0 = Release|Any CPU
	EndGlobalSection
	GlobalSection(SolutionProperties) = preSolution
		HideSolutionNode = FALSE
	EndGlobalSection
	GlobalSection(ExtensibilityGlobals) = postSolution
		SolutionGuid = {3F35D7AB-47F1-48AB-AC87-829A16965808}
	EndGlobalSection
EndGlobal
